Microsoft Visual Studio Solution File, Format Version 12.00
# Visual Studio Version 17
VisualStudioVersion = 17.13.35825.156
MinimumVisualStudioVersion = 10.0.40219.1
Project("{FAE04EC0-301F-11D3-BF4B-00C04F79EFBC}") = "Project_of_Sharan", "Project_of_Sharan\Project_of_Sharan.csproj", "{266AE9E9-3388-494B-8285-4442A3AF3DC7}"
EndProject
Global
	GlobalSection(SolutionConfigurationPlatforms) = preSolution
		Debug|Any CPU = Debug|Any CPU
		Release|Any CPU = Release|Any CPU
	EndGlobalSection
	GlobalSection(ProjectConfigurationPlatforms) = postSolution
		{266AE9E9-3388-494B-8285-4442A3AF3DC7}.Debug|Any CPU.ActiveCfg = Debug|Any CPU
		{266AE9E9-3388-494B-8285-4442A3AF3DC7}.Debug|Any CPU.Build.0 = Debug|Any CPU
		{266AE9E9-3388-494B-8285-4442A3AF3DC7}.Release|Any CPU.ActiveCfg = Release|Any CPU
		{266AE9E9-3388-494B-8285-4442A3AF3DC7}.Release|Any CPU.Build.0 = Release|Any CPU
	EndGlobalSection
	GlobalSection(SolutionProperties) = preSolution
		HideSolutionNode = FALSE
	EndGlobalSection
	GlobalSection(ExtensibilityGlobals) = postSolution
		SolutionGuid = {A330A33C-60F0-40AB-AF43-02DE21A6F01F}
	EndGlobalSection
EndGlobal
